{
  "name": "fundraiser",
  "version": "1.0.0",
  "lockfileVersion": 2,
  "requires": true,
  "packages": {
    "": {
      "name": "fundraiser",
      "version": "1.0.0",
      "license": "ISC",
      "dependencies": {
        "@openzeppelin/contracts": "^2.5.1",
        "openzeppelin-solidity": "^2.5.0"
      }
    },
    "node_modules/@openzeppelin/contracts": {
      "version": "2.5.1",
      "resolved": "https://registry.npmjs.org/@openzeppelin/contracts/-/contracts-2.5.1.tgz",
      "integrity": "sha512-qIy6tLx8rtybEsIOAlrM4J/85s2q2nPkDqj/Rx46VakBZ0LwtFhXIVub96LXHczQX0vaqmAueDqNPXtbSXSaYQ=="
    },
    "node_modules/openzeppelin-solidity": {
      "version": "2.5.0",
      "resolved": "https://registry.npmjs.org/openzeppelin-solidity/-/openzeppelin-solidity-2.5.0.tgz",
      "integrity": "sha512-I0yRC3nff9Kn2LDWuz02fuw0EuomVQ9Z8lHzdqh8P9BiOUzIk8frQRxn/a1Kva3StF6hwPP+Dh3/SQ2ily1Pow=="
    }
  },
  "dependencies": {
    "@openzeppelin/contracts": {
      "version": "2.5.1",
      "resolved": "https://registry.npmjs.org/@openzeppelin/contracts/-/contracts-2.5.1.tgz",
      "integrity": "sha512-qIy6tLx8rtybEsIOAlrM4J/85s2q2nPkDqj/Rx46VakBZ0LwtFhXIVub96LXHczQX0vaqmAueDqNPXtbSXSaYQ=="
    },
    "openzeppelin-solidity": {
      "version": "2.5.0",
      "resolved": "https://registry.npmjs.org/openzeppelin-solidity/-/openzeppelin-solidity-2.5.0.tgz",
      "integrity": "sha512-I0yRC3nff9Kn2LDWuz02fuw0EuomVQ9Z8lHzdqh8P9BiOUzIk8frQRxn/a1Kva3StF6hwPP+Dh3/SQ2ily1Pow=="
    }
  }
}
